// !$*UTF8*$!
{
	archiveVersion = 1;
	classes = {
	};
	objectVersion = 48;
	objects = {

/* Begin PBXBuildFile section */
		A96D298C1FECC80B0022B33D /* AppDelegate.swift in Sources */ = {isa = PBXBuildFile; fileRef = A96D298B1FECC80B0022B33D /* AppDelegate.swift */; };
		A96D29931FECC80B0022B33D /* Assets.xcassets in Resources */ = {isa = PBXBuildFile; fileRef = A96D29921FECC80B0022B33D /* Assets.xcassets */; };
		A96D29A11FECC80B0022B33D /* WeiboTests.swift in Sources */ = {isa = PBXBuildFile; fileRef = A96D29A01FECC80B0022B33D /* WeiboTests.swift */; };
		A96D29AC1FECC80B0022B33D /* WeiboUITests.swift in Sources */ = {isa = PBXBuildFile; fileRef = A96D29AB1FECC80B0022B33D /* WeiboUITests.swift */; };
		A96D29C41FECDBC60022B33D /* LEMainViewController.swift in Sources */ = {isa = PBXBuildFile; fileRef = A96D29C31FECDBC60022B33D /* LEMainViewController.swift */; };
		A96D29C61FECDBF80022B33D /* LENavgationController.swift in Sources */ = {isa = PBXBuildFile; fileRef = A96D29C51FECDBF80022B33D /* LENavgationController.swift */; };
		A96D29C81FECDC240022B33D /* LEBaseViewController.swift in Sources */ = {isa = PBXBuildFile; fileRef = A96D29C71FECDC240022B33D /* LEBaseViewController.swift */; };
		A96D29CA1FECDC890022B33D /* LEHomeViewController.swift in Sources */ = {isa = PBXBuildFile; fileRef = A96D29C91FECDC890022B33D /* LEHomeViewController.swift */; };
		A96D29CC1FECDC920022B33D /* LEDiscoverViewController.swift in Sources */ = {isa = PBXBuildFile; fileRef = A96D29CB1FECDC920022B33D /* LEDiscoverViewController.swift */; };
		A96D29CE1FECDC9A0022B33D /* LEMessageViewController.swift in Sources */ = {isa = PBXBuildFile; fileRef = A96D29CD1FECDC9A0022B33D /* LEMessageViewController.swift */; };
		A96D29D01FECDCA30022B33D /* LEPorfileViewController.swift in Sources */ = {isa = PBXBuildFile; fileRef = A96D29CF1FECDCA30022B33D /* LEPorfileViewController.swift */; };
		A96D29D31FECFEDA0022B33D /* Bundle+Extension.swift in Sources */ = {isa = PBXBuildFile; fileRef = A96D29D21FECFEDA0022B33D /* Bundle+Extension.swift */; };
/* End PBXBuildFile section */

/* Begin PBXContainerItemProxy section */
		A96D299D1FECC80B0022B33D /* PBXContainerItemProxy */ = {
			isa = PBXContainerItemProxy;
			containerPortal = A96D29801FECC80A0022B33D /* Project object */;
			proxyType = 1;
			remoteGlobalIDString = A96D29871FECC80B0022B33D;
			remoteInfo = Weibo;
		};
		A96D29A81FECC80B0022B33D /* PBXContainerItemProxy */ = {
			isa = PBXContainerItemProxy;
			containerPortal = A96D29801FECC80A0022B33D /* Project object */;
			proxyType = 1;
			remoteGlobalIDString = A96D29871FECC80B0022B33D;
			remoteInfo = Weibo;
		};
/* End PBXContainerItemProxy section */

/* Begin PBXFileReference section */
		A96D29881FECC80B0022B33D /* Weibo.app */ = {isa = PBXFileReference; explicitFileType = wrapper.application; includeInIndex = 0; path = Weibo.app; sourceTree = BUILT_PRODUCTS_DIR; };
		A96D298B1FECC80B0022B33D /* AppDelegate.swift */ = {isa = PBXFileReference; lastKnownFileType = sourcecode.swift; path = AppDelegate.swift; sourceTree = "<group>"; };
		A96D29921FECC80B0022B33D /* Assets.xcassets */ = {isa = PBXFileReference; lastKnownFileType = folder.assetcatalog; path = Assets.xcassets; sourceTree = "<group>"; };
		A96D29971FECC80B0022B33D /* Info.plist */ = {isa = PBXFileReference; lastKnownFileType = text.plist.xml; path = Info.plist; sourceTree = "<group>"; };
		A96D299C1FECC80B0022B33D /* WeiboTests.xctest */ = {isa = PBXFileReference; explicitFileType = wrapper.cfbundle; includeInIndex = 0; path = WeiboTests.xctest; sourceTree = BUILT_PRODUCTS_DIR; };
		A96D29A01FECC80B0022B33D /* WeiboTests.swift */ = {isa = PBXFileReference; lastKnownFileType = sourcecode.swift; path = WeiboTests.swift; sourceTree = "<group>"; };
		A96D29A21FECC80B0022B33D /* Info.plist */ = {isa = PBXFileReference; lastKnownFileType = text.plist.xml; path = Info.plist; sourceTree = "<group>"; };
		A96D29A71FECC80B0022B33D /* WeiboUITests.xctest */ = {isa = PBXFileReference; explicitFileType = wrapper.cfbundle; includeInIndex = 0; path = WeiboUITests.xctest; sourceTree = BUILT_PRODUCTS_DIR; };
		A96D29AB1FECC80B0022B33D /* WeiboUITests.swift */ = {isa = PBXFileReference; lastKnownFileType = sourcecode.swift; path = WeiboUITests.swift; sourceTree = "<group>"; };
		A96D29AD1FECC80B0022B33D /* Info.plist */ = {isa = PBXFileReference; lastKnownFileType = text.plist.xml; path = Info.plist; sourceTree = "<group>"; };
		A96D29C31FECDBC60022B33D /* LEMainViewController.swift */ = {isa = PBXFileReference; lastKnownFileType = sourcecode.swift; path = LEMainViewController.swift; sourceTree = "<group>"; };
		A96D29C51FECDBF80022B33D /* LENavgationController.swift */ = {isa = PBXFileReference; lastKnownFileType = sourcecode.swift; path = LENavgationController.swift; sourceTree = "<group>"; };
		A96D29C71FECDC240022B33D /* LEBaseViewController.swift */ = {isa = PBXFileReference; lastKnownFileType = sourcecode.swift; path = LEBaseViewController.swift; sourceTree = "<group>"; };
		A96D29C91FECDC890022B33D /* LEHomeViewController.swift */ = {isa = PBXFileReference; lastKnownFileType = sourcecode.swift; path = LEHomeViewController.swift; sourceTree = "<group>"; };
		A96D29CB1FECDC920022B33D /* LEDiscoverViewController.swift */ = {isa = PBXFileReference; lastKnownFileType = sourcecode.swift; path = LEDiscoverViewController.swift; sourceTree = "<group>"; };
		A96D29CD1FECDC9A0022B33D /* LEMessageViewController.swift */ = {isa = PBXFileReference; lastKnownFileType = sourcecode.swift; path = LEMessageViewController.swift; sourceTree = "<group>"; };
		A96D29CF1FECDCA30022B33D /* LEPorfileViewController.swift */ = {isa = PBXFileReference; lastKnownFileType = sourcecode.swift; path = LEPorfileViewController.swift; sourceTree = "<group>"; };
		A96D29D21FECFEDA0022B33D /* Bundle+Extension.swift */ = {isa = PBXFileReference; lastKnownFileType = sourcecode.swift; path = "Bundle+Extension.swift"; sourceTree = "<group>"; };
/* End PBXFileReference section */

/* Begin PBXFrameworksBuildPhase section */
		A96D29851FECC80B0022B33D /* Frameworks */ = {
			isa = PBXFrameworksBuildPhase;
			buildActionMask = 2147483647;
			files = (
			);
			runOnlyForDeploymentPostprocessing = 0;
		};
		A96D29991FECC80B0022B33D /* Frameworks */ = {
			isa = PBXFrameworksBuildPhase;
			buildActionMask = 2147483647;
			files = (
			);
			runOnlyForDeploymentPostprocessing = 0;
		};
		A96D29A41FECC80B0022B33D /* Frameworks */ = {
			isa = PBXFrameworksBuildPhase;
			buildActionMask = 2147483647;
			files = (
			);
			runOnlyForDeploymentPostprocessing = 0;
		};
/* End PBXFrameworksBuildPhase section */

/* Begin PBXGroup section */
		A96D297F1FECC80A0022B33D = {
			isa = PBXGroup;
			children = (
				A96D298A1FECC80B0022B33D /* Weibo */,
				A96D299F1FECC80B0022B33D /* WeiboTests */,
				A96D29AA1FECC80B0022B33D /* WeiboUITests */,
				A96D29891FECC80B0022B33D /* Products */,
			);
			sourceTree = "<group>";
		};
		A96D29891FECC80B0022B33D /* Products */ = {
			isa = PBXGroup;
			children = (
				A96D29881FECC80B0022B33D /* Weibo.app */,
				A96D299C1FECC80B0022B33D /* WeiboTests.xctest */,
				A96D29A71FECC80B0022B33D /* WeiboUITests.xctest */,
			);
			name = Products;
			sourceTree = "<group>";
		};
		A96D298A1FECC80B0022B33D /* Weibo */ = {
			isa = PBXGroup;
			children = (
				A96D29B91FECD8660022B33D /* Classess */,
				A96D298B1FECC80B0022B33D /* AppDelegate.swift */,
				A96D29921FECC80B0022B33D /* Assets.xcassets */,
				A96D29971FECC80B0022B33D /* Info.plist */,
			);
			path = Weibo;
			sourceTree = "<group>";
		};
		A96D299F1FECC80B0022B33D /* WeiboTests */ = {
			isa = PBXGroup;
			children = (
				A96D29A01FECC80B0022B33D /* WeiboTests.swift */,
				A96D29A21FECC80B0022B33D /* Info.plist */,
			);
			path = WeiboTests;
			sourceTree = "<group>";
		};
		A96D29AA1FECC80B0022B33D /* WeiboUITests */ = {
			isa = PBXGroup;
			children = (
				A96D29AB1FECC80B0022B33D /* WeiboUITests.swift */,
				A96D29AD1FECC80B0022B33D /* Info.plist */,
			);
			path = WeiboUITests;
			sourceTree = "<group>";
		};
		A96D29B91FECD8660022B33D /* Classess */ = {
			isa = PBXGroup;
			children = (
				A96D29C21FECD8660022B33D /* ViewModel */,
				A96D29BA1FECD8660022B33D /* Model */,
				A96D29BC1FECD8660022B33D /* View */,
				A96D29BB1FECD8660022B33D /* Tools */,
			);
			path = Classess;
			sourceTree = "<group>";
		};
		A96D29BA1FECD8660022B33D /* Model */ = {
			isa = PBXGroup;
			children = (
			);
			path = Model;
			sourceTree = "<group>";
		};
		A96D29BB1FECD8660022B33D /* Tools */ = {
			isa = PBXGroup;
			children = (
				A96D29D11FECE9D10022B33D /* Extensions */,
			);
			path = Tools;
			sourceTree = "<group>";
		};
		A96D29BC1FECD8660022B33D /* View */ = {
			isa = PBXGroup;
			children = (
				A96D29BF1FECD8660022B33D /* Main */,
				A96D29BE1FECD8660022B33D /* Home */,
				A96D29BD1FECD8660022B33D /* Discover */,
				A96D29C01FECD8660022B33D /* Message */,
				A96D29C11FECD8660022B33D /* Porfile */,
			);
			path = View;
			sourceTree = "<group>";
		};
		A96D29BD1FECD8660022B33D /* Discover */ = {
			isa = PBXGroup;
			children = (
				A96D29CB1FECDC920022B33D /* LEDiscoverViewController.swift */,
			);
			path = Discover;
			sourceTree = "<group>";
		};
		A96D29BE1FECD8660022B33D /* Home */ = {
			isa = PBXGroup;
			children = (
				A96D29C91FECDC890022B33D /* LEHomeViewController.swift */,
			);
			path = Home;
			sourceTree = "<group>";
		};
		A96D29BF1FECD8660022B33D /* Main */ = {
			isa = PBXGroup;
			children = (
				A96D29C31FECDBC60022B33D /* LEMainViewController.swift */,
				A96D29C51FECDBF80022B33D /* LENavgationController.swift */,
				A96D29C71FECDC240022B33D /* LEBaseViewController.swift */,
			);
			path = Main;
			sourceTree = "<group>";
		};
		A96D29C01FECD8660022B33D /* Message */ = {
			isa = PBXGroup;
			children = (
				A96D29CD1FECDC9A0022B33D /* LEMessageViewController.swift */,
			);
			path = Message;
			sourceTree = "<group>";
		};
		A96D29C11FECD8660022B33D /* Porfile */ = {
			isa = PBXGroup;
			children = (
				A96D29CF1FECDCA30022B33D /* LEPorfileViewController.swift */,
			);
			path = Porfile;
			sourceTree = "<group>";
		};
		A96D29C21FECD8660022B33D /* ViewModel */ = {
			isa = PBXGroup;
			children = (
			);
			path = ViewModel;
			sourceTree = "<group>";
		};
		A96D29D11FECE9D10022B33D /* Extensions */ = {
			isa = PBXGroup;
			children = (
				A96D29D21FECFEDA0022B33D /* Bundle+Extension.swift */,
			);
			path = Extensions;
			sourceTree = "<group>";
		};
/* End PBXGroup section */

/* Begin PBXNativeTarget section */
		A96D29871FECC80B0022B33D /* Weibo */ = {
			isa = PBXNativeTarget;
			buildConfigurationList = A96D29B01FECC80B0022B33D /* Build configuration list for PBXNativeTarget "Weibo" */;
			buildPhases = (
				A96D29841FECC80B0022B33D /* Sources */,
				A96D29851FECC80B0022B33D /* Frameworks */,
				A96D29861FECC80B0022B33D /* Resources */,
			);
			buildRules = (
			);
			dependencies = (
			);
			name = Weibo;
			productName = Weibo;
			productReference = A96D29881FECC80B0022B33D /* Weibo.app */;
			productType = "com.apple.product-type.application";
		};
		A96D299B1FECC80B0022B33D /* WeiboTests */ = {
			isa = PBXNativeTarget;
			buildConfigurationList = A96D29B31FECC80B0022B33D /* Build configuration list for PBXNativeTarget "WeiboTests" */;
			buildPhases = (
				A96D29981FECC80B0022B33D /* Sources */,
				A96D29991FECC80B0022B33D /* Frameworks */,
				A96D299A1FECC80B0022B33D /* Resources */,
			);
			buildRules = (
			);
			dependencies = (
				A96D299E1FECC80B0022B33D /* PBXTargetDependency */,
			);
			name = WeiboTests;
			productName = WeiboTests;
			productReference = A96D299C1FECC80B0022B33D /* WeiboTests.xctest */;
			productType = "com.apple.product-type.bundle.unit-test";
		};
		A96D29A61FECC80B0022B33D /* WeiboUITests */ = {
			isa = PBXNativeTarget;
			buildConfigurationList = A96D29B61FECC80B0022B33D /* Build configuration list for PBXNativeTarget "WeiboUITests" */;
			buildPhases = (
				A96D29A31FECC80B0022B33D /* Sources */,
				A96D29A41FECC80B0022B33D /* Frameworks */,
				A96D29A51FECC80B0022B33D /* Resources */,
			);
			buildRules = (
			);
			dependencies = (
				A96D29A91FECC80B0022B33D /* PBXTargetDependency */,
			);
			name = WeiboUITests;
			productName = WeiboUITests;
			productReference = A96D29A71FECC80B0022B33D /* WeiboUITests.xctest */;
			productType = "com.apple.product-type.bundle.ui-testing";
		};
/* End PBXNativeTarget section */

/* Begin PBXProject section */
		A96D29801FECC80A0022B33D /* Project object */ = {
			isa = PBXProject;
			attributes = {
				CLASSPREFIX = LE;
				LastSwiftUpdateCheck = 0900;
				LastUpgradeCheck = 0900;
				ORGANIZATIONNAME = leslie;
				TargetAttributes = {
					A96D29871FECC80B0022B33D = {
						CreatedOnToolsVersion = 9.0;
						ProvisioningStyle = Automatic;
					};
					A96D299B1FECC80B0022B33D = {
						CreatedOnToolsVersion = 9.0;
						ProvisioningStyle = Automatic;
						TestTargetID = A96D29871FECC80B0022B33D;
					};
					A96D29A61FECC80B0022B33D = {
						CreatedOnToolsVersion = 9.0;
						ProvisioningStyle = Automatic;
						TestTargetID = A96D29871FECC80B0022B33D;
					};
				};
			};
			buildConfigurationList = A96D29831FECC80A0022B33D /* Build configuration list for PBXProject "Weibo" */;
			compatibilityVersion = "Xcode 8.0";
			developmentRegion = en;
			hasScannedForEncodings = 0;
			knownRegions = (
				en,
				Base,
			);
			mainGroup = A96D297F1FECC80A0022B33D;
			productRefGroup = A96D29891FECC80B0022B33D /* Products */;
			projectDirPath = "";
			projectRoot = "";
			targets = (
				A96D29871FECC80B0022B33D /* Weibo */,
				A96D299B1FECC80B0022B33D /* WeiboTests */,
				A96D29A61FECC80B0022B33D /* WeiboUITests */,
			);
		};
/* End PBXProject section */

/* Begin PBXResourcesBuildPhase section */
		A96D29861FECC80B0022B33D /* Resources */ = {
			isa = PBXResourcesBuildPhase;
			buildActionMask = 2147483647;
			files = (
				A96D29931FECC80B0022B33D /* Assets.xcassets in Resources */,
			);
			runOnlyForDeploymentPostprocessing = 0;
		};
		A96D299A1FECC80B0022B33D /* Resources */ = {
			isa = PBXResourcesBuildPhase;
			buildActionMask = 2147483647;
			files = (
			);
			runOnlyForDeploymentPostprocessing = 0;
		};
		A96D29A51FECC80B0022B33D /* Resources */ = {
			isa = PBXResourcesBuildPhase;
			buildActionMask = 2147483647;
			files = (
			);
			runOnlyForDeploymentPostprocessing = 0;
		};
/* End PBXResourcesBuildPhase section */

/* Begin PBXSourcesBuildPhase section */
		A96D29841FECC80B0022B33D /* Sources */ = {
			isa = PBXSourcesBuildPhase;
			buildActionMask = 2147483647;
			files = (
				A96D29C81FECDC240022B33D /* LEBaseViewController.swift in Sources */,
				A96D29D31FECFEDA0022B33D /* Bundle+Extension.swift in Sources */,
				A96D29D01FECDCA30022B33D /* LEPorfileViewController.swift in Sources */,
				A96D29C41FECDBC60022B33D /* LEMainViewController.swift in Sources */,
				A96D298C1FECC80B0022B33D /* AppDelegate.swift in Sources */,
				A96D29C61FECDBF80022B33D /* LENavgationController.swift in Sources */,
				A96D29CC1FECDC920022B33D /* LEDiscoverViewController.swift in Sources */,
				A96D29CA1FECDC890022B33D /* LEHomeViewController.swift in Sources */,
				A96D29CE1FECDC9A0022B33D /* LEMessageViewController.swift in Sources */,
			);
			runOnlyForDeploymentPostprocessing = 0;
		};
		A96D29981FECC80B0022B33D /* Sources */ = {
			isa = PBXSourcesBuildPhase;
			buildActionMask = 2147483647;
			files = (
				A96D29A11FECC80B0022B33D /* WeiboTests.swift in Sources */,
			);
			runOnlyForDeploymentPostprocessing = 0;
		};
		A96D29A31FECC80B0022B33D /* Sources */ = {
			isa = PBXSourcesBuildPhase;
			buildActionMask = 2147483647;
			files = (
				A96D29AC1FECC80B0022B33D /* WeiboUITests.swift in Sources */,
			);
			runOnlyForDeploymentPostprocessing = 0;
		};
/* End PBXSourcesBuildPhase section */

/* Begin PBXTargetDependency section */
		A96D299E1FECC80B0022B33D /* PBXTargetDependency */ = {
			isa = PBXTargetDependency;
			target = A96D29871FECC80B0022B33D /* Weibo */;
			targetProxy = A96D299D1FECC80B0022B33D /* PBXContainerItemProxy */;
		};
		A96D29A91FECC80B0022B33D /* PBXTargetDependency */ = {
			isa = PBXTargetDependency;
			target = A96D29871FECC80B0022B33D /* Weibo */;
			targetProxy = A96D29A81FECC80B0022B33D /* PBXContainerItemProxy */;
		};
/* End PBXTargetDependency section */

/* Begin XCBuildConfiguration section */
		A96D29AE1FECC80B0022B33D /* Debug */ = {
			isa = XCBuildConfiguration;
			buildSettings = {
				ALWAYS_SEARCH_USER_PATHS = NO;
				CLANG_ANALYZER_NONNULL = YES;
				CLANG_ANALYZER_NUMBER_OBJECT_CONVERSION = YES_AGGRESSIVE;
				CLANG_CXX_LANGUAGE_STANDARD = "gnu++14";
				CLANG_CXX_LIBRARY = "libc++";
				CLANG_ENABLE_MODULES = YES;
				CLANG_ENABLE_OBJC_ARC = YES;
				CLANG_WARN_BLOCK_CAPTURE_AUTORELEASING = YES;
				CLANG_WARN_BOOL_CONVERSION = YES;
				CLANG_WARN_COMMA = YES;
				CLANG_WARN_CONSTANT_CONVERSION = YES;
				CLANG_WARN_DIRECT_OBJC_ISA_USAGE = YES_ERROR;
				CLANG_WARN_DOCUMENTATION_COMMENTS = YES;
				CLANG_WARN_EMPTY_BODY = YES;
				CLANG_WARN_ENUM_CONVERSION = YES;
				CLANG_WARN_INFINITE_RECURSION = YES;
				CLANG_WARN_INT_CONVERSION = YES;
				CLANG_WARN_NON_LITERAL_NULL_CONVERSION = YES;
				CLANG_WARN_OBJC_LITERAL_CONVERSION = YES;
				CLANG_WARN_OBJC_ROOT_CLASS = YES_ERROR;
				CLANG_WARN_RANGE_LOOP_ANALYSIS = YES;
				CLANG_WARN_STRICT_PROTOTYPES = YES;
				CLANG_WARN_SUSPICIOUS_MOVE = YES;
				CLANG_WARN_UNGUARDED_AVAILABILITY = YES_AGGRESSIVE;
				CLANG_WARN_UNREACHABLE_CODE = YES;
				CLANG_WARN__DUPLICATE_METHOD_MATCH = YES;
				CODE_SIGN_IDENTITY = "iPhone Developer";
				COPY_PHASE_STRIP = NO;
				DEBUG_INFORMATION_FORMAT = dwarf;
				ENABLE_STRICT_OBJC_MSGSEND = YES;
				ENABLE_TESTABILITY = YES;
				GCC_C_LANGUAGE_STANDARD = gnu11;
				GCC_DYNAMIC_NO_PIC = NO;
				GCC_NO_COMMON_BLOCKS = YES;
				GCC_OPTIMIZATION_LEVEL = 0;
				GCC_PREPROCESSOR_DEFINITIONS = (
					"DEBUG=1",
					"$(inherited)",
				);
				GCC_WARN_64_TO_32_BIT_CONVERSION = YES;
				GCC_WARN_ABOUT_RETURN_TYPE = YES_ERROR;
				GCC_WARN_UNDECLARED_SELECTOR = YES;
				GCC_WARN_UNINITIALIZED_AUTOS = YES_AGGRESSIVE;
				GCC_WARN_UNUSED_FUNCTION = YES;
				GCC_WARN_UNUSED_VARIABLE = YES;
				IPHONEOS_DEPLOYMENT_TARGET = 11.0;
				MTL_ENABLE_DEBUG_INFO = YES;
				ONLY_ACTIVE_ARCH = YES;
				SDKROOT = iphoneos;
				SWIFT_ACTIVE_COMPILATION_CONDITIONS = DEBUG;
				SWIFT_OPTIMIZATION_LEVEL = "-Onone";
			};
			name = Debug;
		};
		A96D29AF1FECC80B0022B33D /* Release */ = {
			isa = XCBuildConfiguration;
			buildSettings = {
				ALWAYS_SEARCH_USER_PATHS = NO;
				CLANG_ANALYZER_NONNULL = YES;
				CLANG_ANALYZER_NUMBER_OBJECT_CONVERSION = YES_AGGRESSIVE;
				CLANG_CXX_LANGUAGE_STANDARD = "gnu++14";
				CLANG_CXX_LIBRARY = "libc++";
				CLANG_ENABLE_MODULES = YES;
				CLANG_ENABLE_OBJC_ARC = YES;
				CLANG_WARN_BLOCK_CAPTURE_AUTORELEASING = YES;
				CLANG_WARN_BOOL_CONVERSION = YES;
				CLANG_WARN_COMMA = YES;
				CLANG_WARN_CONSTANT_CONVERSION = YES;
				CLANG_WARN_DIRECT_OBJC_ISA_USAGE = YES_ERROR;
				CLANG_WARN_DOCUMENTATION_COMMENTS = YES;
				CLANG_WARN_EMPTY_BODY = YES;
				CLANG_WARN_ENUM_CONVERSION = YES;
				CLANG_WARN_INFINITE_RECURSION = YES;
				CLANG_WARN_INT_CONVERSION = YES;
				CLANG_WARN_NON_LITERAL_NULL_CONVERSION = YES;
				CLANG_WARN_OBJC_LITERAL_CONVERSION = YES;
				CLANG_WARN_OBJC_ROOT_CLASS = YES_ERROR;
				CLANG_WARN_RANGE_LOOP_ANALYSIS = YES;
				CLANG_WARN_STRICT_PROTOTYPES = YES;
				CLANG_WARN_SUSPICIOUS_MOVE = YES;
				CLANG_WARN_UNGUARDED_AVAILABILITY = YES_AGGRESSIVE;
				CLANG_WARN_UNREACHABLE_CODE = YES;
				CLANG_WARN__DUPLICATE_METHOD_MATCH = YES;
				CODE_SIGN_IDENTITY = "iPhone Developer";
				COPY_PHASE_STRIP = NO;
				DEBUG_INFORMATION_FORMAT = "dwarf-with-dsym";
				ENABLE_NS_ASSERTIONS = NO;
				ENABLE_STRICT_OBJC_MSGSEND = YES;
				GCC_C_LANGUAGE_STANDARD = gnu11;
				GCC_NO_COMMON_BLOCKS = YES;
				GCC_WARN_64_TO_32_BIT_CONVERSION = YES;
				GCC_WARN_ABOUT_RETURN_TYPE = YES_ERROR;
				GCC_WARN_UNDECLARED_SELECTOR = YES;
				GCC_WARN_UNINITIALIZED_AUTOS = YES_AGGRESSIVE;
				GCC_WARN_UNUSED_FUNCTION = YES;
				GCC_WARN_UNUSED_VARIABLE = YES;
				IPHONEOS_DEPLOYMENT_TARGET = 11.0;
				MTL_ENABLE_DEBUG_INFO = NO;
				SDKROOT = iphoneos;
				SWIFT_OPTIMIZATION_LEVEL = "-Owholemodule";
				VALIDATE_PRODUCT = YES;
			};
			name = Release;
		};
		A96D29B11FECC80B0022B33D /* Debug */ = {
			isa = XCBuildConfiguration;
			buildSettings = {
				ASSETCATALOG_COMPILER_APPICON_NAME = AppIcon;
				ASSETCATALOG_COMPILER_LAUNCHIMAGE_NAME = "LaunchImage-2";
				CODE_SIGN_STYLE = Automatic;
				DEVELOPMENT_TEAM = VXY6P4LN53;
				INFOPLIST_FILE = Weibo/Info.plist;
				IPHONEOS_DEPLOYMENT_TARGET = 8.0;
				LD_RUNPATH_SEARCH_PATHS = "$(inherited) @executable_path/Frameworks";
				PRODUCT_BUNDLE_IDENTIFIER = oia.Weibo;
				PRODUCT_NAME = "$(TARGET_NAME)";
				SWIFT_VERSION = 4.0;
				TARGETED_DEVICE_FAMILY = "1,2";
			};
			name = Debug;
		};
		A96D29B21FECC80B0022B33D /* Release */ = {
			isa = XCBuildConfiguration;
			buildSettings = {
				ASSETCATALOG_COMPILER_APPICON_NAME = AppIcon;
				ASSETCATALOG_COMPILER_LAUNCHIMAGE_NAME = "LaunchImage-2";
				CODE_SIGN_STYLE = Automatic;
				DEVELOPMENT_TEAM = VXY6P4LN53;
				INFOPLIST_FILE = Weibo/Info.plist;
				IPHONEOS_DEPLOYMENT_TARGET = 8.0;
				LD_RUNPATH_SEARCH_PATHS = "$(inherited) @executable_path/Frameworks";
				PRODUCT_BUNDLE_IDENTIFIER = oia.Weibo;
				PRODUCT_NAME = "$(TARGET_NAME)";
				SWIFT_VERSION = 4.0;
				TARGETED_DEVICE_FAMILY = "1,2";
			};
			name = Release;
		};
		A96D29B41FECC80B0022B33D /* Debug */ = {
			isa = XCBuildConfiguration;
			buildSettings = {
				ALWAYS_EMBED_SWIFT_STANDARD_LIBRARIES = YES;
				BUNDLE_LOADER = "$(TEST_HOST)";
				CODE_SIGN_STYLE = Automatic;
				INFOPLIST_FILE = WeiboTests/Info.plist;
				LD_RUNPATH_SEARCH_PATHS = "$(inherited) @executable_path/Frameworks @loader_path/Frameworks";
				PRODUCT_BUNDLE_IDENTIFIER = oia.WeiboTests;
				PRODUCT_NAME = "$(TARGET_NAME)";
				SWIFT_VERSION = 4.0;
				TARGETED_DEVICE_FAMILY = "1,2";
				TEST_HOST = "$(BUILT_PRODUCTS_DIR)/Weibo.app/Weibo";
			};
			name = Debug;
		};
		A96D29B51FECC80B0022B33D /* Release */ = {
			isa = XCBuildConfiguration;
			buildSettings = {
				ALWAYS_EMBED_SWIFT_STANDARD_LIBRARIES = YES;
				BUNDLE_LOADER = "$(TEST_HOST)";
				CODE_SIGN_STYLE = Automatic;
				INFOPLIST_FILE = WeiboTests/Info.plist;
				LD_RUNPATH_SEARCH_PATHS = "$(inherited) @executable_path/Frameworks @loader_path/Frameworks";
				PRODUCT_BUNDLE_IDENTIFIER = oia.WeiboTests;
				PRODUCT_NAME = "$(TARGET_NAME)";
				SWIFT_VERSION = 4.0;
				TARGETED_DEVICE_FAMILY = "1,2";
				TEST_HOST = "$(BUILT_PRODUCTS_DIR)/Weibo.app/Weibo";
			};
			name = Release;
		};
		A96D29B71FECC80B0022B33D /* Debug */ = {
			isa = XCBuildConfiguration;
			buildSettings = {
				ALWAYS_EMBED_SWIFT_STANDARD_LIBRARIES = YES;
				CODE_SIGN_STYLE = Automatic;
				INFOPLIST_FILE = WeiboUITests/Info.plist;
				LD_RUNPATH_SEARCH_PATHS = "$(inherited) @executable_path/Frameworks @loader_path/Frameworks";
				PRODUCT_BUNDLE_IDENTIFIER = oia.WeiboUITests;
				PRODUCT_NAME = "$(TARGET_NAME)";
				SWIFT_VERSION = 4.0;
				TARGETED_DEVICE_FAMILY = "1,2";
				TEST_TARGET_NAME = Weibo;
			};
			name = Debug;
		};
		A96D29B81FECC80B0022B33D /* Release */ = {
			isa = XCBuildConfiguration;
			buildSettings = {
				ALWAYS_EMBED_SWIFT_STANDARD_LIBRARIES = YES;
				CODE_SIGN_STYLE = Automatic;
				INFOPLIST_FILE = WeiboUITests/Info.plist;
				LD_RUNPATH_SEARCH_PATHS = "$(inherited) @executable_path/Frameworks @loader_path/Frameworks";
				PRODUCT_BUNDLE_IDENTIFIER = oia.WeiboUITests;
				PRODUCT_NAME = "$(TARGET_NAME)";
				SWIFT_VERSION = 4.0;
				TARGETED_DEVICE_FAMILY = "1,2";
				TEST_TARGET_NAME = Weibo;
			};
			name = Release;
		};
/* End XCBuildConfiguration section */

/* Begin XCConfigurationList section */
		A96D29831FECC80A0022B33D /* Build configuration list for PBXProject "Weibo" */ = {
			isa = XCConfigurationList;
			buildConfigurations = (
				A96D29AE1FECC80B0022B33D /* Debug */,
				A96D29AF1FECC80B0022B33D /* Release */,
			);
			defaultConfigurationIsVisible = 0;
			defaultConfigurationName = Release;
		};
		A96D29B01FECC80B0022B33D /* Build configuration list for PBXNativeTarget "Weibo" */ = {
			isa = XCConfigurationList;
			buildConfigurations = (
				A96D29B11FECC80B0022B33D /* Debug */,
				A96D29B21FECC80B0022B33D /* Release */,
			);
			defaultConfigurationIsVisible = 0;
			defaultConfigurationName = Release;
		};
		A96D29B31FECC80B0022B33D /* Build configuration list for PBXNativeTarget "WeiboTests" */ = {
			isa = XCConfigurationList;
			buildConfigurations = (
				A96D29B41FECC80B0022B33D /* Debug */,
				A96D29B51FECC80B0022B33D /* Release */,
			);
			defaultConfigurationIsVisible = 0;
			defaultConfigurationName = Release;
		};
		A96D29B61FECC80B0022B33D /* Build configuration list for PBXNativeTarget "WeiboUITests" */ = {
			isa = XCConfigurationList;
			buildConfigurations = (
				A96D29B71FECC80B0022B33D /* Debug */,
				A96D29B81FECC80B0022B33D /* Release */,
			);
			defaultConfigurationIsVisible = 0;
			defaultConfigurationName = Release;
		};
/* End XCConfigurationList section */
	};
	rootObject = A96D29801FECC80A0022B33D /* Project object */;
}
